// !$*UTF8*$!
{
	archiveVersion = 1;
	classes = {
	};
	objectVersion = 51;
	objects = {

/* Begin PBXBuildFile section */
		5FF627ABB4851819CF13F7D5 /* Pods_RoadToHotBody_RoadToHotBodyUITests.framework in Frameworks */ = {isa = PBXBuildFile; fileRef = C8134247A7D02BF2AD8DAEF1 /* Pods_RoadToHotBody_RoadToHotBodyUITests.framework */; };
		836C27234C1CCA15094D2249 /* Pods_RoadToHotBodyTests.framework in Frameworks */ = {isa = PBXBuildFile; fileRef = F0B6360B526218DC1B578501 /* Pods_RoadToHotBodyTests.framework */; };
		B541963326C2B27A00B2080A /* WriteMemoViewController.xib in Resources */ = {isa = PBXBuildFile; fileRef = B541963126C2B27A00B2080A /* WriteMemoViewController.xib */; };
		B541963726C2B2E400B2080A /* DetailCoordinator.swift in Sources */ = {isa = PBXBuildFile; fileRef = B541963626C2B2E400B2080A /* DetailCoordinator.swift */; };
		B56EFA4626C79B57008A5346 /* ReadMemoViewModel.swift in Sources */ = {isa = PBXBuildFile; fileRef = B56EFA4526C79B57008A5346 /* ReadMemoViewModel.swift */; };
		B56EFA4826C79C3E008A5346 /* WriteMemoViewModel.swift in Sources */ = {isa = PBXBuildFile; fileRef = B56EFA4726C79C3E008A5346 /* WriteMemoViewModel.swift */; };
		B56EFA4D26C7A098008A5346 /* ReadMemoViewController.swift in Sources */ = {isa = PBXBuildFile; fileRef = B56EFA4B26C7A098008A5346 /* ReadMemoViewController.swift */; };
		B56EFA5026C7A18B008A5346 /* MemoVCCoordinatorDelegate.swift in Sources */ = {isa = PBXBuildFile; fileRef = B56EFA4F26C7A18B008A5346 /* MemoVCCoordinatorDelegate.swift */; };
		B56EFA5226C7A2E1008A5346 /* WriteMemoViewController.swift in Sources */ = {isa = PBXBuildFile; fileRef = B56EFA5126C7A2E1008A5346 /* WriteMemoViewController.swift */; };
		B56EFA5426C7A532008A5346 /* ReadMemoCoordinator.swift in Sources */ = {isa = PBXBuildFile; fileRef = B56EFA5326C7A532008A5346 /* ReadMemoCoordinator.swift */; };
		B56EFA5626C7A623008A5346 /* WriteMemoCoordinator.swift in Sources */ = {isa = PBXBuildFile; fileRef = B56EFA5526C7A623008A5346 /* WriteMemoCoordinator.swift */; };
		B56EFA5826C7C2C0008A5346 /* ReadMemoViewController.xib in Resources */ = {isa = PBXBuildFile; fileRef = B56EFA5726C7C2C0008A5346 /* ReadMemoViewController.xib */; };
		B56EFA5A26C7D5E6008A5346 /* UpdateDetailContentUseCase.swift in Sources */ = {isa = PBXBuildFile; fileRef = B56EFA5926C7D5E6008A5346 /* UpdateDetailContentUseCase.swift */; };
		C33815C08C875C8F95249255 /* Pods_RoadToHotBody.framework in Frameworks */ = {isa = PBXBuildFile; fileRef = E77AEEB598B06694A614A896 /* Pods_RoadToHotBody.framework */; };
		FA0B49D826C509190018DE69 /* DetailContentDataSource.swift in Sources */ = {isa = PBXBuildFile; fileRef = FA0B49D726C509190018DE69 /* DetailContentDataSource.swift */; };
		FA0B49EC26C50A820018DE69 /* TrainingDetailInternalDB.swift in Sources */ = {isa = PBXBuildFile; fileRef = FA0B49EB26C50A820018DE69 /* TrainingDetailInternalDB.swift */; };
		FA0B49FE26C511CE0018DE69 /* InternalDBError.swift in Sources */ = {isa = PBXBuildFile; fileRef = FA0B49FD26C511CE0018DE69 /* InternalDBError.swift */; };
		FAB2948026C5F785003788CA /* TrainingDetail.swift in Sources */ = {isa = PBXBuildFile; fileRef = FAB2947F26C5F785003788CA /* TrainingDetail.swift */; };
		FAB2948826C5FBF5003788CA /* Muscle.swift in Sources */ = {isa = PBXBuildFile; fileRef = FAB2948726C5FBF5003788CA /* Muscle.swift */; };
		FAB2948D26C5FE5C003788CA /* EmptyError.swift in Sources */ = {isa = PBXBuildFile; fileRef = FAB2948C26C5FE5C003788CA /* EmptyError.swift */; };
		FAB294A126C5FFA8003788CA /* TrainingInternalDB.swift in Sources */ = {isa = PBXBuildFile; fileRef = FAB294A026C5FFA8003788CA /* TrainingInternalDB.swift */; };
		FAB294B126C6088B003788CA /* Training.swift in Sources */ = {isa = PBXBuildFile; fileRef = FAB294B026C6088B003788CA /* Training.swift */; };
		FAB294BC26C60C8E003788CA /* MuscleDataSource.swift in Sources */ = {isa = PBXBuildFile; fileRef = FAB294BB26C60C8E003788CA /* MuscleDataSource.swift */; };
		FAB294C126C60D42003788CA /* MuscleRepositoryImpl.swift in Sources */ = {isa = PBXBuildFile; fileRef = FAB294C026C60D42003788CA /* MuscleRepositoryImpl.swift */; };
		FAB294C626C60D74003788CA /* MuscleRepository.swift in Sources */ = {isa = PBXBuildFile; fileRef = FAB294C526C60D74003788CA /* MuscleRepository.swift */; };
		FAB294CB26C60DC7003788CA /* FetchMusclesUseCase.swift in Sources */ = {isa = PBXBuildFile; fileRef = FAB294CA26C60DC7003788CA /* FetchMusclesUseCase.swift */; };
		FAB294D326C60F25003788CA /* HomeViewModel.swift in Sources */ = {isa = PBXBuildFile; fileRef = FAB294D226C60F25003788CA /* HomeViewModel.swift */; };
		FAB294D826C62003003788CA /* training.json in Resources */ = {isa = PBXBuildFile; fileRef = FAB294D726C62003003788CA /* training.json */; };
		FAB294E426C62DCC003788CA /* MuscleCell.swift in Sources */ = {isa = PBXBuildFile; fileRef = FAB294E226C62DCC003788CA /* MuscleCell.swift */; };
		FAB294E526C62DCC003788CA /* MuscleCell.xib in Resources */ = {isa = PBXBuildFile; fileRef = FAB294E326C62DCC003788CA /* MuscleCell.xib */; };
		FAB294ED26C65E17003788CA /* RealmObjectError.swift in Sources */ = {isa = PBXBuildFile; fileRef = FAB294EC26C65E17003788CA /* RealmObjectError.swift */; };
		FAB294F226C65EAF003788CA /* DeleteDetailContentUseCase.swift in Sources */ = {isa = PBXBuildFile; fileRef = FAB294F126C65EAF003788CA /* DeleteDetailContentUseCase.swift */; };
		FAFA467226BD1F9D00CD820C /* AppDelegate.swift in Sources */ = {isa = PBXBuildFile; fileRef = FAFA467126BD1F9D00CD820C /* AppDelegate.swift */; };
		FAFA467B26BD1FA400CD820C /* Assets.xcassets in Resources */ = {isa = PBXBuildFile; fileRef = FAFA467A26BD1FA400CD820C /* Assets.xcassets */; };
		FAFA467E26BD1FA400CD820C /* LaunchScreen.storyboard in Resources */ = {isa = PBXBuildFile; fileRef = FAFA467C26BD1FA400CD820C /* LaunchScreen.storyboard */; };
		FAFA468926BD1FA400CD820C /* RoadToHotBodyTests.swift in Sources */ = {isa = PBXBuildFile; fileRef = FAFA468826BD1FA400CD820C /* RoadToHotBodyTests.swift */; };
		FAFA469426BD1FA400CD820C /* RoadToHotBodyUITests.swift in Sources */ = {isa = PBXBuildFile; fileRef = FAFA469326BD1FA400CD820C /* RoadToHotBodyUITests.swift */; };
		FAFA46B626BD243B00CD820C /* Router.swift in Sources */ = {isa = PBXBuildFile; fileRef = FAFA46B526BD243B00CD820C /* Router.swift */; };
		FAFA46BE26BD245700CD820C /* NavigationRouter.swift in Sources */ = {isa = PBXBuildFile; fileRef = FAFA46BD26BD245700CD820C /* NavigationRouter.swift */; };
		FAFA46C326BD246F00CD820C /* ModalNavigationRouter.swift in Sources */ = {isa = PBXBuildFile; fileRef = FAFA46C226BD246F00CD820C /* ModalNavigationRouter.swift */; };
		FAFA46C826BD248300CD820C /* Coordinator.swift in Sources */ = {isa = PBXBuildFile; fileRef = FAFA46C726BD248300CD820C /* Coordinator.swift */; };
		FAFA46CF26BD24B900CD820C /* UIView+Extension.swift in Sources */ = {isa = PBXBuildFile; fileRef = FAFA46CE26BD24B900CD820C /* UIView+Extension.swift */; };
		FAFA46DB26BD250E00CD820C /* MainCoordinator.swift in Sources */ = {isa = PBXBuildFile; fileRef = FAFA46DA26BD250E00CD820C /* MainCoordinator.swift */; };
		FAFA46EA26BD256B00CD820C /* AppRouter.swift in Sources */ = {isa = PBXBuildFile; fileRef = FAFA46E926BD256B00CD820C /* AppRouter.swift */; };
		FAFA46F126C0A80800CD820C /* HomeViewController.swift in Sources */ = {isa = PBXBuildFile; fileRef = FAFA46EF26C0A80800CD820C /* HomeViewController.swift */; };
		FAFA46F226C0A80800CD820C /* HomeViewController.xib in Resources */ = {isa = PBXBuildFile; fileRef = FAFA46F026C0A80800CD820C /* HomeViewController.xib */; };
		FAFA46FC26C0A82900CD820C /* CalendarViewController.swift in Sources */ = {isa = PBXBuildFile; fileRef = FAFA46FA26C0A82900CD820C /* CalendarViewController.swift */; };
		FAFA46FD26C0A82900CD820C /* CalendarViewController.xib in Resources */ = {isa = PBXBuildFile; fileRef = FAFA46FB26C0A82900CD820C /* CalendarViewController.xib */; };
		FAFA470D26C0BC8F00CD820C /* DetailViewController.swift in Sources */ = {isa = PBXBuildFile; fileRef = FAFA470B26C0BC8F00CD820C /* DetailViewController.swift */; };
		FAFA470E26C0BC8F00CD820C /* DetailViewController.xib in Resources */ = {isa = PBXBuildFile; fileRef = FAFA470C26C0BC8F00CD820C /* DetailViewController.xib */; };
		FAFA472226C0C79100CD820C /* TabBarRouter.swift in Sources */ = {isa = PBXBuildFile; fileRef = FAFA472126C0C79100CD820C /* TabBarRouter.swift */; };
		FAFA473B26C0DE1600CD820C /* AppCoordinator.swift in Sources */ = {isa = PBXBuildFile; fileRef = FAFA473A26C0DE1600CD820C /* AppCoordinator.swift */; };
		FAFA478926C20A4300CD820C /* HomeCoordinator.swift in Sources */ = {isa = PBXBuildFile; fileRef = FAFA478826C20A4300CD820C /* HomeCoordinator.swift */; };
		FAFA478E26C20B9700CD820C /* CalendarCoordinator.swift in Sources */ = {isa = PBXBuildFile; fileRef = FAFA478D26C20B9700CD820C /* CalendarCoordinator.swift */; };
		FAFA479B26C245E600CD820C /* MemoCell.swift in Sources */ = {isa = PBXBuildFile; fileRef = FAFA479926C245E600CD820C /* MemoCell.swift */; };
		FAFA479C26C245E600CD820C /* MemoCell.xib in Resources */ = {isa = PBXBuildFile; fileRef = FAFA479A26C245E600CD820C /* MemoCell.xib */; };
		FAFA47A426C246FE00CD820C /* Content.swift in Sources */ = {isa = PBXBuildFile; fileRef = FAFA47A326C246FE00CD820C /* Content.swift */; };
		FAFA47A926C2488500CD820C /* DetailViewModel.swift in Sources */ = {isa = PBXBuildFile; fileRef = FAFA47A826C2488500CD820C /* DetailViewModel.swift */; };
		FAFA47BA26C24D5500CD820C /* FetchDetailContentsUseCase.swift in Sources */ = {isa = PBXBuildFile; fileRef = FAFA47B926C24D5500CD820C /* FetchDetailContentsUseCase.swift */; };
		FAFA47C226C24E4300CD820C /* DetailContentRepository.swift in Sources */ = {isa = PBXBuildFile; fileRef = FAFA47C126C24E4300CD820C /* DetailContentRepository.swift */; };
		FAFA47C726C24ED800CD820C /* DetailContentRepositoryImpl.swift in Sources */ = {isa = PBXBuildFile; fileRef = FAFA47C626C24ED800CD820C /* DetailContentRepositoryImpl.swift */; };
		FAFA47DF26C2665D00CD820C /* PhotoCell.swift in Sources */ = {isa = PBXBuildFile; fileRef = FAFA47DD26C2665C00CD820C /* PhotoCell.swift */; };
		FAFA47E026C2665D00CD820C /* PhotoCell.xib in Resources */ = {isa = PBXBuildFile; fileRef = FAFA47DE26C2665C00CD820C /* PhotoCell.xib */; };
		FAFA484526C3A77D00CD820C /* UITextView+Extension.swift in Sources */ = {isa = PBXBuildFile; fileRef = FAFA484426C3A77D00CD820C /* UITextView+Extension.swift */; };
		FAFA484F26C3B2FD00CD820C /* SaveDetailContentUseCase.swift in Sources */ = {isa = PBXBuildFile; fileRef = FAFA484E26C3B2FD00CD820C /* SaveDetailContentUseCase.swift */; };
		FAFA486626C3B90A00CD820C /* FetchDetailContentUseCase.swift in Sources */ = {isa = PBXBuildFile; fileRef = FAFA486526C3B90A00CD820C /* FetchDetailContentUseCase.swift */; };
/* End PBXBuildFile section */

/* Begin PBXContainerItemProxy section */
		FAFA468526BD1FA400CD820C /* PBXContainerItemProxy */ = {
			isa = PBXContainerItemProxy;
			containerPortal = FAFA466626BD1F9D00CD820C /* Project object */;
			proxyType = 1;
			remoteGlobalIDString = FAFA466D26BD1F9D00CD820C;
			remoteInfo = RoadToHotBody;
		};
		FAFA469026BD1FA400CD820C /* PBXContainerItemProxy */ = {
			isa = PBXContainerItemProxy;
			containerPortal = FAFA466626BD1F9D00CD820C /* Project object */;
			proxyType = 1;
			remoteGlobalIDString = FAFA466D26BD1F9D00CD820C;
			remoteInfo = RoadToHotBody;
		};
/* End PBXContainerItemProxy section */

/* Begin PBXFileReference section */
		2996F86EE8856A4B6FC12202 /* Pods-RoadToHotBody.release.xcconfig */ = {isa = PBXFileReference; includeInIndex = 1; lastKnownFileType = text.xcconfig; name = "Pods-RoadToHotBody.release.xcconfig"; path = "Target Support Files/Pods-RoadToHotBody/Pods-RoadToHotBody.release.xcconfig"; sourceTree = "<group>"; };
		42DC9D556F82B00D81F2F3C1 /* Pods-RoadToHotBodyTests.debug.xcconfig */ = {isa = PBXFileReference; includeInIndex = 1; lastKnownFileType = text.xcconfig; name = "Pods-RoadToHotBodyTests.debug.xcconfig"; path = "Target Support Files/Pods-RoadToHotBodyTests/Pods-RoadToHotBodyTests.debug.xcconfig"; sourceTree = "<group>"; };
		7C102BA349609BF759994D0A /* Pods-RoadToHotBody-RoadToHotBodyUITests.release.xcconfig */ = {isa = PBXFileReference; includeInIndex = 1; lastKnownFileType = text.xcconfig; name = "Pods-RoadToHotBody-RoadToHotBodyUITests.release.xcconfig"; path = "Target Support Files/Pods-RoadToHotBody-RoadToHotBodyUITests/Pods-RoadToHotBody-RoadToHotBodyUITests.release.xcconfig"; sourceTree = "<group>"; };
		90CE53B0D93AD0E247216CCF /* Pods-RoadToHotBody.debug.xcconfig */ = {isa = PBXFileReference; includeInIndex = 1; lastKnownFileType = text.xcconfig; name = "Pods-RoadToHotBody.debug.xcconfig"; path = "Target Support Files/Pods-RoadToHotBody/Pods-RoadToHotBody.debug.xcconfig"; sourceTree = "<group>"; };
		B3BDFFEC9A18FC24E387C1BE /* Pods-RoadToHotBody-RoadToHotBodyUITests.debug.xcconfig */ = {isa = PBXFileReference; includeInIndex = 1; lastKnownFileType = text.xcconfig; name = "Pods-RoadToHotBody-RoadToHotBodyUITests.debug.xcconfig"; path = "Target Support Files/Pods-RoadToHotBody-RoadToHotBodyUITests/Pods-RoadToHotBody-RoadToHotBodyUITests.debug.xcconfig"; sourceTree = "<group>"; };
		B541963126C2B27A00B2080A /* WriteMemoViewController.xib */ = {isa = PBXFileReference; lastKnownFileType = file.xib; path = WriteMemoViewController.xib; sourceTree = "<group>"; };
		B541963626C2B2E400B2080A /* DetailCoordinator.swift */ = {isa = PBXFileReference; lastKnownFileType = sourcecode.swift; path = DetailCoordinator.swift; sourceTree = "<group>"; };
		B56EFA4526C79B57008A5346 /* ReadMemoViewModel.swift */ = {isa = PBXFileReference; lastKnownFileType = sourcecode.swift; path = ReadMemoViewModel.swift; sourceTree = "<group>"; };
		B56EFA4726C79C3E008A5346 /* WriteMemoViewModel.swift */ = {isa = PBXFileReference; lastKnownFileType = sourcecode.swift; path = WriteMemoViewModel.swift; sourceTree = "<group>"; };
		B56EFA4B26C7A098008A5346 /* ReadMemoViewController.swift */ = {isa = PBXFileReference; lastKnownFileType = sourcecode.swift; path = ReadMemoViewController.swift; sourceTree = "<group>"; };
		B56EFA4F26C7A18B008A5346 /* MemoVCCoordinatorDelegate.swift */ = {isa = PBXFileReference; lastKnownFileType = sourcecode.swift; path = MemoVCCoordinatorDelegate.swift; sourceTree = "<group>"; };
		B56EFA5126C7A2E1008A5346 /* WriteMemoViewController.swift */ = {isa = PBXFileReference; lastKnownFileType = sourcecode.swift; path = WriteMemoViewController.swift; sourceTree = "<group>"; };
		B56EFA5326C7A532008A5346 /* ReadMemoCoordinator.swift */ = {isa = PBXFileReference; lastKnownFileType = sourcecode.swift; path = ReadMemoCoordinator.swift; sourceTree = "<group>"; };
		B56EFA5526C7A623008A5346 /* WriteMemoCoordinator.swift */ = {isa = PBXFileReference; lastKnownFileType = sourcecode.swift; path = WriteMemoCoordinator.swift; sourceTree = "<group>"; };
		B56EFA5726C7C2C0008A5346 /* ReadMemoViewController.xib */ = {isa = PBXFileReference; lastKnownFileType = file.xib; path = ReadMemoViewController.xib; sourceTree = "<group>"; };
		B56EFA5926C7D5E6008A5346 /* UpdateDetailContentUseCase.swift */ = {isa = PBXFileReference; lastKnownFileType = sourcecode.swift; path = UpdateDetailContentUseCase.swift; sourceTree = "<group>"; };
		C8134247A7D02BF2AD8DAEF1 /* Pods_RoadToHotBody_RoadToHotBodyUITests.framework */ = {isa = PBXFileReference; explicitFileType = wrapper.framework; includeInIndex = 0; path = Pods_RoadToHotBody_RoadToHotBodyUITests.framework; sourceTree = BUILT_PRODUCTS_DIR; };
		E77AEEB598B06694A614A896 /* Pods_RoadToHotBody.framework */ = {isa = PBXFileReference; explicitFileType = wrapper.framework; includeInIndex = 0; path = Pods_RoadToHotBody.framework; sourceTree = BUILT_PRODUCTS_DIR; };
		ED5047F09EC0E1FEEA2F521D /* Pods-RoadToHotBodyTests.release.xcconfig */ = {isa = PBXFileReference; includeInIndex = 1; lastKnownFileType = text.xcconfig; name = "Pods-RoadToHotBodyTests.release.xcconfig"; path = "Target Support Files/Pods-RoadToHotBodyTests/Pods-RoadToHotBodyTests.release.xcconfig"; sourceTree = "<group>"; };
		F0B6360B526218DC1B578501 /* Pods_RoadToHotBodyTests.framework */ = {isa = PBXFileReference; explicitFileType = wrapper.framework; includeInIndex = 0; path = Pods_RoadToHotBodyTests.framework; sourceTree = BUILT_PRODUCTS_DIR; };
		FA0B49D726C509190018DE69 /* DetailContentDataSource.swift */ = {isa = PBXFileReference; lastKnownFileType = sourcecode.swift; path = DetailContentDataSource.swift; sourceTree = "<group>"; };
		FA0B49EB26C50A820018DE69 /* TrainingDetailInternalDB.swift */ = {isa = PBXFileReference; lastKnownFileType = sourcecode.swift; path = TrainingDetailInternalDB.swift; sourceTree = "<group>"; };
		FA0B49FD26C511CE0018DE69 /* InternalDBError.swift */ = {isa = PBXFileReference; lastKnownFileType = sourcecode.swift; path = InternalDBError.swift; sourceTree = "<group>"; };
		FAB2947F26C5F785003788CA /* TrainingDetail.swift */ = {isa = PBXFileReference; lastKnownFileType = sourcecode.swift; path = TrainingDetail.swift; sourceTree = "<group>"; };
		FAB2948726C5FBF5003788CA /* Muscle.swift */ = {isa = PBXFileReference; lastKnownFileType = sourcecode.swift; path = Muscle.swift; sourceTree = "<group>"; };
		FAB2948C26C5FE5C003788CA /* EmptyError.swift */ = {isa = PBXFileReference; lastKnownFileType = sourcecode.swift; path = EmptyError.swift; sourceTree = "<group>"; };
		FAB294A026C5FFA8003788CA /* TrainingInternalDB.swift */ = {isa = PBXFileReference; lastKnownFileType = sourcecode.swift; path = TrainingInternalDB.swift; sourceTree = "<group>"; };
		FAB294B026C6088B003788CA /* Training.swift */ = {isa = PBXFileReference; lastKnownFileType = sourcecode.swift; path = Training.swift; sourceTree = "<group>"; };
		FAB294BB26C60C8E003788CA /* MuscleDataSource.swift */ = {isa = PBXFileReference; lastKnownFileType = sourcecode.swift; path = MuscleDataSource.swift; sourceTree = "<group>"; };
		FAB294C026C60D42003788CA /* MuscleRepositoryImpl.swift */ = {isa = PBXFileReference; lastKnownFileType = sourcecode.swift; path = MuscleRepositoryImpl.swift; sourceTree = "<group>"; };
		FAB294C526C60D74003788CA /* MuscleRepository.swift */ = {isa = PBXFileReference; lastKnownFileType = sourcecode.swift; path = MuscleRepository.swift; sourceTree = "<group>"; };
		FAB294CA26C60DC7003788CA /* FetchMusclesUseCase.swift */ = {isa = PBXFileReference; lastKnownFileType = sourcecode.swift; path = FetchMusclesUseCase.swift; sourceTree = "<group>"; };
		FAB294D226C60F25003788CA /* HomeViewModel.swift */ = {isa = PBXFileReference; lastKnownFileType = sourcecode.swift; path = HomeViewModel.swift; sourceTree = "<group>"; };
		FAB294D726C62003003788CA /* training.json */ = {isa = PBXFileReference; lastKnownFileType = text.json; path = training.json; sourceTree = "<group>"; };
		FAB294E226C62DCC003788CA /* MuscleCell.swift */ = {isa = PBXFileReference; lastKnownFileType = sourcecode.swift; path = MuscleCell.swift; sourceTree = "<group>"; };
		FAB294E326C62DCC003788CA /* MuscleCell.xib */ = {isa = PBXFileReference; lastKnownFileType = file.xib; path = MuscleCell.xib; sourceTree = "<group>"; };
		FAB294EC26C65E17003788CA /* RealmObjectError.swift */ = {isa = PBXFileReference; lastKnownFileType = sourcecode.swift; path = RealmObjectError.swift; sourceTree = "<group>"; };
		FAB294F126C65EAF003788CA /* DeleteDetailContentUseCase.swift */ = {isa = PBXFileReference; lastKnownFileType = sourcecode.swift; path = DeleteDetailContentUseCase.swift; sourceTree = "<group>"; };
		FAFA466E26BD1F9D00CD820C /* RoadToHotBody.app */ = {isa = PBXFileReference; explicitFileType = wrapper.application; includeInIndex = 0; path = RoadToHotBody.app; sourceTree = BUILT_PRODUCTS_DIR; };
		FAFA467126BD1F9D00CD820C /* AppDelegate.swift */ = {isa = PBXFileReference; lastKnownFileType = sourcecode.swift; path = AppDelegate.swift; sourceTree = "<group>"; };
		FAFA467A26BD1FA400CD820C /* Assets.xcassets */ = {isa = PBXFileReference; lastKnownFileType = folder.assetcatalog; path = Assets.xcassets; sourceTree = "<group>"; };
		FAFA467D26BD1FA400CD820C /* Base */ = {isa = PBXFileReference; lastKnownFileType = file.storyboard; name = Base; path = Base.lproj/LaunchScreen.storyboard; sourceTree = "<group>"; };
		FAFA467F26BD1FA400CD820C /* Info.plist */ = {isa = PBXFileReference; lastKnownFileType = text.plist.xml; path = Info.plist; sourceTree = "<group>"; };
		FAFA468426BD1FA400CD820C /* RoadToHotBodyTests.xctest */ = {isa = PBXFileReference; explicitFileType = wrapper.cfbundle; includeInIndex = 0; path = RoadToHotBodyTests.xctest; sourceTree = BUILT_PRODUCTS_DIR; };
		FAFA468826BD1FA400CD820C /* RoadToHotBodyTests.swift */ = {isa = PBXFileReference; lastKnownFileType = sourcecode.swift; path = RoadToHotBodyTests.swift; sourceTree = "<group>"; };
		FAFA468A26BD1FA400CD820C /* Info.plist */ = {isa = PBXFileReference; lastKnownFileType = text.plist.xml; path = Info.plist; sourceTree = "<group>"; };
		FAFA468F26BD1FA400CD820C /* RoadToHotBodyUITests.xctest */ = {isa = PBXFileReference; explicitFileType = wrapper.cfbundle; includeInIndex = 0; path = RoadToHotBodyUITests.xctest; sourceTree = BUILT_PRODUCTS_DIR; };
		FAFA469326BD1FA400CD820C /* RoadToHotBodyUITests.swift */ = {isa = PBXFileReference; lastKnownFileType = sourcecode.swift; path = RoadToHotBodyUITests.swift; sourceTree = "<group>"; };
		FAFA469526BD1FA400CD820C /* Info.plist */ = {isa = PBXFileReference; lastKnownFileType = text.plist.xml; path = Info.plist; sourceTree = "<group>"; };
		FAFA46B526BD243B00CD820C /* Router.swift */ = {isa = PBXFileReference; lastKnownFileType = sourcecode.swift; path = Router.swift; sourceTree = "<group>"; };
		FAFA46BD26BD245700CD820C /* NavigationRouter.swift */ = {isa = PBXFileReference; lastKnownFileType = sourcecode.swift; path = NavigationRouter.swift; sourceTree = "<group>"; };
		FAFA46C226BD246F00CD820C /* ModalNavigationRouter.swift */ = {isa = PBXFileReference; lastKnownFileType = sourcecode.swift; path = ModalNavigationRouter.swift; sourceTree = "<group>"; };
		FAFA46C726BD248300CD820C /* Coordinator.swift */ = {isa = PBXFileReference; lastKnownFileType = sourcecode.swift; path = Coordinator.swift; sourceTree = "<group>"; };
		FAFA46CE26BD24B900CD820C /* UIView+Extension.swift */ = {isa = PBXFileReference; lastKnownFileType = sourcecode.swift; path = "UIView+Extension.swift"; sourceTree = "<group>"; };
		FAFA46DA26BD250E00CD820C /* MainCoordinator.swift */ = {isa = PBXFileReference; lastKnownFileType = sourcecode.swift; path = MainCoordinator.swift; sourceTree = "<group>"; };
		FAFA46E926BD256B00CD820C /* AppRouter.swift */ = {isa = PBXFileReference; lastKnownFileType = sourcecode.swift; path = AppRouter.swift; sourceTree = "<group>"; };
		FAFA46EF26C0A80800CD820C /* HomeViewController.swift */ = {isa = PBXFileReference; lastKnownFileType = sourcecode.swift; path = HomeViewController.swift; sourceTree = "<group>"; };
		FAFA46F026C0A80800CD820C /* HomeViewController.xib */ = {isa = PBXFileReference; lastKnownFileType = file.xib; path = HomeViewController.xib; sourceTree = "<group>"; };
		FAFA46FA26C0A82900CD820C /* CalendarViewController.swift */ = {isa = PBXFileReference; lastKnownFileType = sourcecode.swift; path = CalendarViewController.swift; sourceTree = "<group>"; };
		FAFA46FB26C0A82900CD820C /* CalendarViewController.xib */ = {isa = PBXFileReference; lastKnownFileType = file.xib; path = CalendarViewController.xib; sourceTree = "<group>"; };
		FAFA470B26C0BC8F00CD820C /* DetailViewController.swift */ = {isa = PBXFileReference; lastKnownFileType = sourcecode.swift; path = DetailViewController.swift; sourceTree = "<group>"; };
		FAFA470C26C0BC8F00CD820C /* DetailViewController.xib */ = {isa = PBXFileReference; lastKnownFileType = file.xib; path = DetailViewController.xib; sourceTree = "<group>"; };
		FAFA472126C0C79100CD820C /* TabBarRouter.swift */ = {isa = PBXFileReference; lastKnownFileType = sourcecode.swift; path = TabBarRouter.swift; sourceTree = "<group>"; };
		FAFA473A26C0DE1600CD820C /* AppCoordinator.swift */ = {isa = PBXFileReference; lastKnownFileType = sourcecode.swift; path = AppCoordinator.swift; sourceTree = "<group>"; };
		FAFA478826C20A4300CD820C /* HomeCoordinator.swift */ = {isa = PBXFileReference; lastKnownFileType = sourcecode.swift; path = HomeCoordinator.swift; sourceTree = "<group>"; };
		FAFA478D26C20B9700CD820C /* CalendarCoordinator.swift */ = {isa = PBXFileReference; lastKnownFileType = sourcecode.swift; path = CalendarCoordinator.swift; sourceTree = "<group>"; };
		FAFA479926C245E600CD820C /* MemoCell.swift */ = {isa = PBXFileReference; lastKnownFileType = sourcecode.swift; path = MemoCell.swift; sourceTree = "<group>"; };
		FAFA479A26C245E600CD820C /* MemoCell.xib */ = {isa = PBXFileReference; lastKnownFileType = file.xib; path = MemoCell.xib; sourceTree = "<group>"; };
		FAFA47A326C246FE00CD820C /* Content.swift */ = {isa = PBXFileReference; lastKnownFileType = sourcecode.swift; path = Content.swift; sourceTree = "<group>"; };
		FAFA47A826C2488500CD820C /* DetailViewModel.swift */ = {isa = PBXFileReference; lastKnownFileType = sourcecode.swift; path = DetailViewModel.swift; sourceTree = "<group>"; };
		FAFA47B926C24D5500CD820C /* FetchDetailContentsUseCase.swift */ = {isa = PBXFileReference; lastKnownFileType = sourcecode.swift; path = FetchDetailContentsUseCase.swift; sourceTree = "<group>"; };
		FAFA47C126C24E4300CD820C /* DetailContentRepository.swift */ = {isa = PBXFileReference; lastKnownFileType = sourcecode.swift; path = DetailContentRepository.swift; sourceTree = "<group>"; };
		FAFA47C626C24ED800CD820C /* DetailContentRepositoryImpl.swift */ = {isa = PBXFileReference; lastKnownFileType = sourcecode.swift; path = DetailContentRepositoryImpl.swift; sourceTree = "<group>"; };
		FAFA47DD26C2665C00CD820C /* PhotoCell.swift */ = {isa = PBXFileReference; lastKnownFileType = sourcecode.swift; path = PhotoCell.swift; sourceTree = "<group>"; };
		FAFA47DE26C2665C00CD820C /* PhotoCell.xib */ = {isa = PBXFileReference; lastKnownFileType = file.xib; path = PhotoCell.xib; sourceTree = "<group>"; };
		FAFA484426C3A77D00CD820C /* UITextView+Extension.swift */ = {isa = PBXFileReference; lastKnownFileType = sourcecode.swift; path = "UITextView+Extension.swift"; sourceTree = "<group>"; };
		FAFA484E26C3B2FD00CD820C /* SaveDetailContentUseCase.swift */ = {isa = PBXFileReference; lastKnownFileType = sourcecode.swift; path = SaveDetailContentUseCase.swift; sourceTree = "<group>"; };
		FAFA486526C3B90A00CD820C /* FetchDetailContentUseCase.swift */ = {isa = PBXFileReference; lastKnownFileType = sourcecode.swift; path = FetchDetailContentUseCase.swift; sourceTree = "<group>"; };
/* End PBXFileReference section */

/* Begin PBXFrameworksBuildPhase section */
		FAFA466B26BD1F9D00CD820C /* Frameworks */ = {
			isa = PBXFrameworksBuildPhase;
			buildActionMask = 2147483647;
			files = (
				C33815C08C875C8F95249255 /* Pods_RoadToHotBody.framework in Frameworks */,
			);
			runOnlyForDeploymentPostprocessing = 0;
		};
		FAFA468126BD1FA400CD820C /* Frameworks */ = {
			isa = PBXFrameworksBuildPhase;
			buildActionMask = 2147483647;
			files = (
				836C27234C1CCA15094D2249 /* Pods_RoadToHotBodyTests.framework in Frameworks */,
			);
			runOnlyForDeploymentPostprocessing = 0;
		};
		FAFA468C26BD1FA400CD820C /* Frameworks */ = {
			isa = PBXFrameworksBuildPhase;
			buildActionMask = 2147483647;
			files = (
				5FF627ABB4851819CF13F7D5 /* Pods_RoadToHotBody_RoadToHotBodyUITests.framework in Frameworks */,
			);
			runOnlyForDeploymentPostprocessing = 0;
		};
/* End PBXFrameworksBuildPhase section */

/* Begin PBXGroup section */
		094C8773B258B91F6EC914C4 /* Pods */ = {
			isa = PBXGroup;
			children = (
				90CE53B0D93AD0E247216CCF /* Pods-RoadToHotBody.debug.xcconfig */,
				2996F86EE8856A4B6FC12202 /* Pods-RoadToHotBody.release.xcconfig */,
				B3BDFFEC9A18FC24E387C1BE /* Pods-RoadToHotBody-RoadToHotBodyUITests.debug.xcconfig */,
				7C102BA349609BF759994D0A /* Pods-RoadToHotBody-RoadToHotBodyUITests.release.xcconfig */,
				42DC9D556F82B00D81F2F3C1 /* Pods-RoadToHotBodyTests.debug.xcconfig */,
				ED5047F09EC0E1FEEA2F521D /* Pods-RoadToHotBodyTests.release.xcconfig */,
			);
			path = Pods;
			sourceTree = "<group>";
		};
		98985C6A412A890228E2D981 /* Frameworks */ = {
			isa = PBXGroup;
			children = (
				E77AEEB598B06694A614A896 /* Pods_RoadToHotBody.framework */,
				C8134247A7D02BF2AD8DAEF1 /* Pods_RoadToHotBody_RoadToHotBodyUITests.framework */,
				F0B6360B526218DC1B578501 /* Pods_RoadToHotBodyTests.framework */,
			);
			name = Frameworks;
			sourceTree = "<group>";
		};
		B541962F26C2B25A00B2080A /* Memo */ = {
			isa = PBXGroup;
			children = (
				B56EFA4226C79A5F008A5346 /* Read */,
				B56EFA4126C79A58008A5346 /* Write */,
				B56EFA4F26C7A18B008A5346 /* MemoVCCoordinatorDelegate.swift */,
			);
			path = Memo;
			sourceTree = "<group>";
		};
		B56EFA4126C79A58008A5346 /* Write */ = {
			isa = PBXGroup;
			children = (
				B56EFA5126C7A2E1008A5346 /* WriteMemoViewController.swift */,
				B541963126C2B27A00B2080A /* WriteMemoViewController.xib */,
				B56EFA4726C79C3E008A5346 /* WriteMemoViewModel.swift */,
				B56EFA5526C7A623008A5346 /* WriteMemoCoordinator.swift */,
			);
			path = Write;
			sourceTree = "<group>";
		};
		B56EFA4226C79A5F008A5346 /* Read */ = {
			isa = PBXGroup;
			children = (
				B56EFA4B26C7A098008A5346 /* ReadMemoViewController.swift */,
				B56EFA5726C7C2C0008A5346 /* ReadMemoViewController.xib */,
				B56EFA4526C79B57008A5346 /* ReadMemoViewModel.swift */,
				B56EFA5326C7A532008A5346 /* ReadMemoCoordinator.swift */,
			);
			path = Read;
			sourceTree = "<group>";
		};
		FA0B49CB26C505140018DE69 /* Service */ = {
			isa = PBXGroup;
			children = (
				FAB294A026C5FFA8003788CA /* TrainingInternalDB.swift */,
				FA0B49EB26C50A820018DE69 /* TrainingDetailInternalDB.swift */,
			);
			path = Service;
			sourceTree = "<group>";
		};
		FA0B49D626C508A90018DE69 /* DataSource */ = {
			isa = PBXGroup;
			children = (
				FAB294BB26C60C8E003788CA /* MuscleDataSource.swift */,
				FA0B49D726C509190018DE69 /* DetailContentDataSource.swift */,
			);
			path = DataSource;
			sourceTree = "<group>";
		};
		FA0B49FC26C511BC0018DE69 /* Error */ = {
			isa = PBXGroup;
			children = (
				FA0B49FD26C511CE0018DE69 /* InternalDBError.swift */,
				FAB2948C26C5FE5C003788CA /* EmptyError.swift */,
				FAB294EC26C65E17003788CA /* RealmObjectError.swift */,
			);
			path = Error;
			sourceTree = "<group>";
		};
		FAB2946926C5F42D003788CA /* Entity */ = {
			isa = PBXGroup;
			children = (
				FAB294B026C6088B003788CA /* Training.swift */,
				FAB2947F26C5F785003788CA /* TrainingDetail.swift */,
			);
			path = Entity;
			sourceTree = "<group>";
		};
		FAFA466526BD1F9D00CD820C = {
			isa = PBXGroup;
			children = (
				FAFA467026BD1F9D00CD820C /* RoadToHotBody */,
				FAFA468726BD1FA400CD820C /* RoadToHotBodyTests */,
				FAFA469226BD1FA400CD820C /* RoadToHotBodyUITests */,
				FAFA466F26BD1F9D00CD820C /* Products */,
				094C8773B258B91F6EC914C4 /* Pods */,
				98985C6A412A890228E2D981 /* Frameworks */,
			);
			sourceTree = "<group>";
		};
		FAFA466F26BD1F9D00CD820C /* Products */ = {
			isa = PBXGroup;
			children = (
				FAFA466E26BD1F9D00CD820C /* RoadToHotBody.app */,
				FAFA468426BD1FA400CD820C /* RoadToHotBodyTests.xctest */,
				FAFA468F26BD1FA400CD820C /* RoadToHotBodyUITests.xctest */,
			);
			name = Products;
			sourceTree = "<group>";
		};
		FAFA467026BD1F9D00CD820C /* RoadToHotBody */ = {
			isa = PBXGroup;
			children = (
				FAFA46A426BD237600CD820C /* App */,
				FAFA46A526BD239200CD820C /* Resource */,
				FAFA46A626BD23A300CD820C /* Data */,
				FAFA46A826BD23B900CD820C /* Domain */,
				FAFA46AC26BD23E700CD820C /* Presentation */,
				FAFA46CC26BD249D00CD820C /* Util */,
				FAFA467F26BD1FA400CD820C /* Info.plist */,
			);
			path = RoadToHotBody;
			sourceTree = "<group>";
		};
		FAFA468726BD1FA400CD820C /* RoadToHotBodyTests */ = {
			isa = PBXGroup;
			children = (
				FAFA468826BD1FA400CD820C /* RoadToHotBodyTests.swift */,
				FAFA468A26BD1FA400CD820C /* Info.plist */,
			);
			path = RoadToHotBodyTests;
			sourceTree = "<group>";
		};
		FAFA469226BD1FA400CD820C /* RoadToHotBodyUITests */ = {
			isa = PBXGroup;
			children = (
				FAFA469326BD1FA400CD820C /* RoadToHotBodyUITests.swift */,
				FAFA469526BD1FA400CD820C /* Info.plist */,
			);
			path = RoadToHotBodyUITests;
			sourceTree = "<group>";
		};
		FAFA46A426BD237600CD820C /* App */ = {
			isa = PBXGroup;
			children = (
				FAFA467126BD1F9D00CD820C /* AppDelegate.swift */,
				FAFA473A26C0DE1600CD820C /* AppCoordinator.swift */,
			);
			path = App;
			sourceTree = "<group>";
		};
		FAFA46A526BD239200CD820C /* Resource */ = {
			isa = PBXGroup;
			children = (
				FAFA467A26BD1FA400CD820C /* Assets.xcassets */,
				FAFA467C26BD1FA400CD820C /* LaunchScreen.storyboard */,
				FAB294D726C62003003788CA /* training.json */,
			);
			path = Resource;
			sourceTree = "<group>";
		};
		FAFA46A626BD23A300CD820C /* Data */ = {
			isa = PBXGroup;
			children = (
				FAFA46A726BD23B000CD820C /* RepositoryImpl */,
				FA0B49D626C508A90018DE69 /* DataSource */,
				FA0B49CB26C505140018DE69 /* Service */,
				FAB2946926C5F42D003788CA /* Entity */,
				FA0B49FC26C511BC0018DE69 /* Error */,
			);
			path = Data;
			sourceTree = "<group>";
		};
		FAFA46A726BD23B000CD820C /* RepositoryImpl */ = {
			isa = PBXGroup;
			children = (
				FAB294C026C60D42003788CA /* MuscleRepositoryImpl.swift */,
				FAFA47C626C24ED800CD820C /* DetailContentRepositoryImpl.swift */,
			);
			path = RepositoryImpl;
			sourceTree = "<group>";
		};
		FAFA46A826BD23B900CD820C /* Domain */ = {
			isa = PBXGroup;
			children = (
				FAFA46A926BD23C100CD820C /* Repository */,
				FAFA46AA26BD23C700CD820C /* UseCase */,
				FAFA46AB26BD23CF00CD820C /* Model */,
			);
			path = Domain;
			sourceTree = "<group>";
		};
		FAFA46A926BD23C100CD820C /* Repository */ = {
			isa = PBXGroup;
			children = (
				FAB294C526C60D74003788CA /* MuscleRepository.swift */,
				FAFA47C126C24E4300CD820C /* DetailContentRepository.swift */,
			);
			path = Repository;
			sourceTree = "<group>";
		};
		FAFA46AA26BD23C700CD820C /* UseCase */ = {
			isa = PBXGroup;
			children = (
				FAB294CA26C60DC7003788CA /* FetchMusclesUseCase.swift */,
				FAFA47B926C24D5500CD820C /* FetchDetailContentsUseCase.swift */,
				FAFA486526C3B90A00CD820C /* FetchDetailContentUseCase.swift */,
				FAFA484E26C3B2FD00CD820C /* SaveDetailContentUseCase.swift */,
				B56EFA5926C7D5E6008A5346 /* UpdateDetailContentUseCase.swift */,
				FAB294F126C65EAF003788CA /* DeleteDetailContentUseCase.swift */,
			);
			path = UseCase;
			sourceTree = "<group>";
		};
		FAFA46AB26BD23CF00CD820C /* Model */ = {
			isa = PBXGroup;
			children = (
				FAFA47A326C246FE00CD820C /* Content.swift */,
				FAB2948726C5FBF5003788CA /* Muscle.swift */,
			);
			path = Model;
			sourceTree = "<group>";
		};
		FAFA46AC26BD23E700CD820C /* Presentation */ = {
			isa = PBXGroup;
			children = (
				FAFA46AD26BD23EE00CD820C /* Scene */,
				FAFA46AE26BD23F400CD820C /* Utils */,
			);
			path = Presentation;
			sourceTree = "<group>";
		};
		FAFA46AD26BD23EE00CD820C /* Scene */ = {
			isa = PBXGroup;
			children = (
				FAFA46D926BD250200CD820C /* Main */,
				FAFA46EE26C0A7EF00CD820C /* Home */,
				FAFA46F926C0A81C00CD820C /* Calendar */,
				FAFA470A26C0BC7D00CD820C /* Detail */,
				B541962F26C2B25A00B2080A /* Memo */,
			);
			path = Scene;
			sourceTree = "<group>";
		};
		FAFA46AE26BD23F400CD820C /* Utils */ = {
			isa = PBXGroup;
			children = (
				FAFA46B226BD241400CD820C /* Coordinator */,
			);
			path = Utils;
			sourceTree = "<group>";
		};
		FAFA46B226BD241400CD820C /* Coordinator */ = {
			isa = PBXGroup;
			children = (
				FAFA46B426BD242B00CD820C /* Router */,
				FAFA46C726BD248300CD820C /* Coordinator.swift */,
			);
			path = Coordinator;
			sourceTree = "<group>";
		};
		FAFA46B426BD242B00CD820C /* Router */ = {
			isa = PBXGroup;
			children = (
				FAFA46B526BD243B00CD820C /* Router.swift */,
				FAFA46E926BD256B00CD820C /* AppRouter.swift */,
				FAFA46BD26BD245700CD820C /* NavigationRouter.swift */,
				FAFA46C226BD246F00CD820C /* ModalNavigationRouter.swift */,
				FAFA472126C0C79100CD820C /* TabBarRouter.swift */,
			);
			path = Router;
			sourceTree = "<group>";
		};
		FAFA46CC26BD249D00CD820C /* Util */ = {
			isa = PBXGroup;
			children = (
				FAFA46CD26BD24AD00CD820C /* Extension */,
			);
			path = Util;
			sourceTree = "<group>";
		};
		FAFA46CD26BD24AD00CD820C /* Extension */ = {
			isa = PBXGroup;
			children = (
				FAFA46CE26BD24B900CD820C /* UIView+Extension.swift */,
				FAFA484426C3A77D00CD820C /* UITextView+Extension.swift */,
			);
			path = Extension;
			sourceTree = "<group>";
		};
		FAFA46D926BD250200CD820C /* Main */ = {
			isa = PBXGroup;
			children = (
				FAFA46DA26BD250E00CD820C /* MainCoordinator.swift */,
			);
			path = Main;
			sourceTree = "<group>";
		};
		FAFA46EE26C0A7EF00CD820C /* Home */ = {
			isa = PBXGroup;
			children = (
				FAFA46EF26C0A80800CD820C /* HomeViewController.swift */,
				FAFA46F026C0A80800CD820C /* HomeViewController.xib */,
				FAB294D226C60F25003788CA /* HomeViewModel.swift */,
				FAFA478826C20A4300CD820C /* HomeCoordinator.swift */,
				FAB294E226C62DCC003788CA /* MuscleCell.swift */,
				FAB294E326C62DCC003788CA /* MuscleCell.xib */,
			);
			path = Home;
			sourceTree = "<group>";
		};
		FAFA46F926C0A81C00CD820C /* Calendar */ = {
			isa = PBXGroup;
			children = (
				FAFA46FA26C0A82900CD820C /* CalendarViewController.swift */,
				FAFA46FB26C0A82900CD820C /* CalendarViewController.xib */,
				FAFA478D26C20B9700CD820C /* CalendarCoordinator.swift */,
			);
			path = Calendar;
			sourceTree = "<group>";
		};
		FAFA470A26C0BC7D00CD820C /* Detail */ = {
			isa = PBXGroup;
			children = (
				FAFA479826C245B800CD820C /* Cell */,
				FAFA470B26C0BC8F00CD820C /* DetailViewController.swift */,
				FAFA470C26C0BC8F00CD820C /* DetailViewController.xib */,
				FAFA47A826C2488500CD820C /* DetailViewModel.swift */,
				B541963626C2B2E400B2080A /* DetailCoordinator.swift */,
			);
			path = Detail;
			sourceTree = "<group>";
		};
		FAFA479826C245B800CD820C /* Cell */ = {
			isa = PBXGroup;
			children = (
				FAFA479926C245E600CD820C /* MemoCell.swift */,
				FAFA479A26C245E600CD820C /* MemoCell.xib */,
				FAFA47DD26C2665C00CD820C /* PhotoCell.swift */,
				FAFA47DE26C2665C00CD820C /* PhotoCell.xib */,
			);
			path = Cell;
			sourceTree = "<group>";
		};
/* End PBXGroup section */

/* Begin PBXNativeTarget section */
		FAFA466D26BD1F9D00CD820C /* RoadToHotBody */ = {
			isa = PBXNativeTarget;
			buildConfigurationList = FAFA469826BD1FA400CD820C /* Build configuration list for PBXNativeTarget "RoadToHotBody" */;
			buildPhases = (
				DD97BF692FEBFF9EE7F4D7D4 /* [CP] Check Pods Manifest.lock */,
				FAFA466A26BD1F9D00CD820C /* Sources */,
				FAFA466B26BD1F9D00CD820C /* Frameworks */,
				FAFA466C26BD1F9D00CD820C /* Resources */,
				EE3A14220E45B4C7216EB034 /* [CP] Embed Pods Frameworks */,
			);
			buildRules = (
			);
			dependencies = (
			);
			name = RoadToHotBody;
			productName = RoadToHotBody;
			productReference = FAFA466E26BD1F9D00CD820C /* RoadToHotBody.app */;
			productType = "com.apple.product-type.application";
		};
		FAFA468326BD1FA400CD820C /* RoadToHotBodyTests */ = {
			isa = PBXNativeTarget;
			buildConfigurationList = FAFA469B26BD1FA400CD820C /* Build configuration list for PBXNativeTarget "RoadToHotBodyTests" */;
			buildPhases = (
				5285E236C5F2F314FEB20B29 /* [CP] Check Pods Manifest.lock */,
				FAFA468026BD1FA400CD820C /* Sources */,
				FAFA468126BD1FA400CD820C /* Frameworks */,
				FAFA468226BD1FA400CD820C /* Resources */,
			);
			buildRules = (
			);
			dependencies = (
				FAFA468626BD1FA400CD820C /* PBXTargetDependency */,
			);
			name = RoadToHotBodyTests;
			productName = RoadToHotBodyTests;
			productReference = FAFA468426BD1FA400CD820C /* RoadToHotBodyTests.xctest */;
			productType = "com.apple.product-type.bundle.unit-test";
		};
		FAFA468E26BD1FA400CD820C /* RoadToHotBodyUITests */ = {
			isa = PBXNativeTarget;
			buildConfigurationList = FAFA469E26BD1FA400CD820C /* Build configuration list for PBXNativeTarget "RoadToHotBodyUITests" */;
			buildPhases = (
				EE779B79E87D8F6680A35497 /* [CP] Check Pods Manifest.lock */,
				FAFA468B26BD1FA400CD820C /* Sources */,
				FAFA468C26BD1FA400CD820C /* Frameworks */,
				FAFA468D26BD1FA400CD820C /* Resources */,
				160A7056A07E6759107CCD4E /* [CP] Embed Pods Frameworks */,
			);
			buildRules = (
			);
			dependencies = (
				FAFA469126BD1FA400CD820C /* PBXTargetDependency */,
			);
			name = RoadToHotBodyUITests;
			productName = RoadToHotBodyUITests;
			productReference = FAFA468F26BD1FA400CD820C /* RoadToHotBodyUITests.xctest */;
			productType = "com.apple.product-type.bundle.ui-testing";
		};
/* End PBXNativeTarget section */

/* Begin PBXProject section */
		FAFA466626BD1F9D00CD820C /* Project object */ = {
			isa = PBXProject;
			attributes = {
				LastSwiftUpdateCheck = 1240;
				LastUpgradeCheck = 1240;
				TargetAttributes = {
					FAFA466D26BD1F9D00CD820C = {
						CreatedOnToolsVersion = 12.4;
					};
					FAFA468326BD1FA400CD820C = {
						CreatedOnToolsVersion = 12.4;
						TestTargetID = FAFA466D26BD1F9D00CD820C;
					};
					FAFA468E26BD1FA400CD820C = {
						CreatedOnToolsVersion = 12.4;
						TestTargetID = FAFA466D26BD1F9D00CD820C;
					};
				};
			};
			buildConfigurationList = FAFA466926BD1F9D00CD820C /* Build configuration list for PBXProject "RoadToHotBody" */;
			compatibilityVersion = "Xcode 9.3";
			developmentRegion = en;
			hasScannedForEncodings = 0;
			knownRegions = (
				en,
				Base,
			);
			mainGroup = FAFA466526BD1F9D00CD820C;
			productRefGroup = FAFA466F26BD1F9D00CD820C /* Products */;
			projectDirPath = "";
			projectRoot = "";
			targets = (
				FAFA466D26BD1F9D00CD820C /* RoadToHotBody */,
				FAFA468326BD1FA400CD820C /* RoadToHotBodyTests */,
				FAFA468E26BD1FA400CD820C /* RoadToHotBodyUITests */,
			);
		};
/* End PBXProject section */

/* Begin PBXResourcesBuildPhase section */
		FAFA466C26BD1F9D00CD820C /* Resources */ = {
			isa = PBXResourcesBuildPhase;
			buildActionMask = 2147483647;
			files = (
				FAFA467E26BD1FA400CD820C /* LaunchScreen.storyboard in Resources */,
				FAFA470E26C0BC8F00CD820C /* DetailViewController.xib in Resources */,
				FAB294E526C62DCC003788CA /* MuscleCell.xib in Resources */,
				FAFA46FD26C0A82900CD820C /* CalendarViewController.xib in Resources */,
				FAFA467B26BD1FA400CD820C /* Assets.xcassets in Resources */,
				FAB294D826C62003003788CA /* training.json in Resources */,
				B541963326C2B27A00B2080A /* WriteMemoViewController.xib in Resources */,
				FAFA46F226C0A80800CD820C /* HomeViewController.xib in Resources */,
				FAFA479C26C245E600CD820C /* MemoCell.xib in Resources */,
				FAFA47E026C2665D00CD820C /* PhotoCell.xib in Resources */,
				B56EFA5826C7C2C0008A5346 /* ReadMemoViewController.xib in Resources */,
			);
			runOnlyForDeploymentPostprocessing = 0;
		};
		FAFA468226BD1FA400CD820C /* Resources */ = {
			isa = PBXResourcesBuildPhase;
			buildActionMask = 2147483647;
			files = (
			);
			runOnlyForDeploymentPostprocessing = 0;
		};
		FAFA468D26BD1FA400CD820C /* Resources */ = {
			isa = PBXResourcesBuildPhase;
			buildActionMask = 2147483647;
			files = (
			);
			runOnlyForDeploymentPostprocessing = 0;
		};
/* End PBXResourcesBuildPhase section */

/* Begin PBXShellScriptBuildPhase section */
		160A7056A07E6759107CCD4E /* [CP] Embed Pods Frameworks */ = {
			isa = PBXShellScriptBuildPhase;
			buildActionMask = 2147483647;
			files = (
			);
			inputFileListPaths = (
				"${PODS_ROOT}/Target Support Files/Pods-RoadToHotBody-RoadToHotBodyUITests/Pods-RoadToHotBody-RoadToHotBodyUITests-frameworks-${CONFIGURATION}-input-files.xcfilelist",
			);
			name = "[CP] Embed Pods Frameworks";
			outputFileListPaths = (
				"${PODS_ROOT}/Target Support Files/Pods-RoadToHotBody-RoadToHotBodyUITests/Pods-RoadToHotBody-RoadToHotBodyUITests-frameworks-${CONFIGURATION}-output-files.xcfilelist",
			);
			runOnlyForDeploymentPostprocessing = 0;
			shellPath = /bin/sh;
			shellScript = "\"${PODS_ROOT}/Target Support Files/Pods-RoadToHotBody-RoadToHotBodyUITests/Pods-RoadToHotBody-RoadToHotBodyUITests-frameworks.sh\"\n";
			showEnvVarsInLog = 0;
		};
		5285E236C5F2F314FEB20B29 /* [CP] Check Pods Manifest.lock */ = {
			isa = PBXShellScriptBuildPhase;
			buildActionMask = 2147483647;
			files = (
			);
			inputFileListPaths = (
			);
			inputPaths = (
				"${PODS_PODFILE_DIR_PATH}/Podfile.lock",
				"${PODS_ROOT}/Manifest.lock",
			);
			name = "[CP] Check Pods Manifest.lock";
			outputFileListPaths = (
			);
			outputPaths = (
				"$(DERIVED_FILE_DIR)/Pods-RoadToHotBodyTests-checkManifestLockResult.txt",
			);
			runOnlyForDeploymentPostprocessing = 0;
			shellPath = /bin/sh;
			shellScript = "diff \"${PODS_PODFILE_DIR_PATH}/Podfile.lock\" \"${PODS_ROOT}/Manifest.lock\" > /dev/null\nif [ $? != 0 ] ; then\n    # print error to STDERR\n    echo \"error: The sandbox is not in sync with the Podfile.lock. Run 'pod install' or update your CocoaPods installation.\" >&2\n    exit 1\nfi\n# This output is used by Xcode 'outputs' to avoid re-running this script phase.\necho \"SUCCESS\" > \"${SCRIPT_OUTPUT_FILE_0}\"\n";
			showEnvVarsInLog = 0;
		};
		DD97BF692FEBFF9EE7F4D7D4 /* [CP] Check Pods Manifest.lock */ = {
			isa = PBXShellScriptBuildPhase;
			buildActionMask = 2147483647;
			files = (
			);
			inputFileListPaths = (
			);
			inputPaths = (
				"${PODS_PODFILE_DIR_PATH}/Podfile.lock",
				"${PODS_ROOT}/Manifest.lock",
			);
			name = "[CP] Check Pods Manifest.lock";
			outputFileListPaths = (
			);
			outputPaths = (
				"$(DERIVED_FILE_DIR)/Pods-RoadToHotBody-checkManifestLockResult.txt",
			);
			runOnlyForDeploymentPostprocessing = 0;
			shellPath = /bin/sh;
			shellScript = "diff \"${PODS_PODFILE_DIR_PATH}/Podfile.lock\" \"${PODS_ROOT}/Manifest.lock\" > /dev/null\nif [ $? != 0 ] ; then\n    # print error to STDERR\n    echo \"error: The sandbox is not in sync with the Podfile.lock. Run 'pod install' or update your CocoaPods installation.\" >&2\n    exit 1\nfi\n# This output is used by Xcode 'outputs' to avoid re-running this script phase.\necho \"SUCCESS\" > \"${SCRIPT_OUTPUT_FILE_0}\"\n";
			showEnvVarsInLog = 0;
		};
		EE3A14220E45B4C7216EB034 /* [CP] Embed Pods Frameworks */ = {
			isa = PBXShellScriptBuildPhase;
			buildActionMask = 2147483647;
			files = (
			);
			inputFileListPaths = (
				"${PODS_ROOT}/Target Support Files/Pods-RoadToHotBody/Pods-RoadToHotBody-frameworks-${CONFIGURATION}-input-files.xcfilelist",
			);
			name = "[CP] Embed Pods Frameworks";
			outputFileListPaths = (
				"${PODS_ROOT}/Target Support Files/Pods-RoadToHotBody/Pods-RoadToHotBody-frameworks-${CONFIGURATION}-output-files.xcfilelist",
			);
			runOnlyForDeploymentPostprocessing = 0;
			shellPath = /bin/sh;
			shellScript = "\"${PODS_ROOT}/Target Support Files/Pods-RoadToHotBody/Pods-RoadToHotBody-frameworks.sh\"\n";
			showEnvVarsInLog = 0;
		};
		EE779B79E87D8F6680A35497 /* [CP] Check Pods Manifest.lock */ = {
			isa = PBXShellScriptBuildPhase;
			buildActionMask = 2147483647;
			files = (
			);
			inputFileListPaths = (
			);
			inputPaths = (
				"${PODS_PODFILE_DIR_PATH}/Podfile.lock",
				"${PODS_ROOT}/Manifest.lock",
			);
			name = "[CP] Check Pods Manifest.lock";
			outputFileListPaths = (
			);
			outputPaths = (
				"$(DERIVED_FILE_DIR)/Pods-RoadToHotBody-RoadToHotBodyUITests-checkManifestLockResult.txt",
			);
			runOnlyForDeploymentPostprocessing = 0;
			shellPath = /bin/sh;
			shellScript = "diff \"${PODS_PODFILE_DIR_PATH}/Podfile.lock\" \"${PODS_ROOT}/Manifest.lock\" > /dev/null\nif [ $? != 0 ] ; then\n    # print error to STDERR\n    echo \"error: The sandbox is not in sync with the Podfile.lock. Run 'pod install' or update your CocoaPods installation.\" >&2\n    exit 1\nfi\n# This output is used by Xcode 'outputs' to avoid re-running this script phase.\necho \"SUCCESS\" > \"${SCRIPT_OUTPUT_FILE_0}\"\n";
			showEnvVarsInLog = 0;
		};
/* End PBXShellScriptBuildPhase section */

/* Begin PBXSourcesBuildPhase section */
		FAFA466A26BD1F9D00CD820C /* Sources */ = {
			isa = PBXSourcesBuildPhase;
			buildActionMask = 2147483647;
			files = (
				FAB2948826C5FBF5003788CA /* Muscle.swift in Sources */,
				FA0B49D826C509190018DE69 /* DetailContentDataSource.swift in Sources */,
				FAB294E426C62DCC003788CA /* MuscleCell.swift in Sources */,
				FAFA486626C3B90A00CD820C /* FetchDetailContentUseCase.swift in Sources */,
				FAB294D326C60F25003788CA /* HomeViewModel.swift in Sources */,
				FAFA46CF26BD24B900CD820C /* UIView+Extension.swift in Sources */,
				FAFA46DB26BD250E00CD820C /* MainCoordinator.swift in Sources */,
				FAB2948D26C5FE5C003788CA /* EmptyError.swift in Sources */,
				FAFA46EA26BD256B00CD820C /* AppRouter.swift in Sources */,
				FAB2948026C5F785003788CA /* TrainingDetail.swift in Sources */,
				B56EFA5226C7A2E1008A5346 /* WriteMemoViewController.swift in Sources */,
				FAFA470D26C0BC8F00CD820C /* DetailViewController.swift in Sources */,
				B56EFA5626C7A623008A5346 /* WriteMemoCoordinator.swift in Sources */,
				FAFA473B26C0DE1600CD820C /* AppCoordinator.swift in Sources */,
				FAFA47C226C24E4300CD820C /* DetailContentRepository.swift in Sources */,
				FAB294BC26C60C8E003788CA /* MuscleDataSource.swift in Sources */,
				FAB294B126C6088B003788CA /* Training.swift in Sources */,
				FA0B49EC26C50A820018DE69 /* TrainingDetailInternalDB.swift in Sources */,
				B56EFA4D26C7A098008A5346 /* ReadMemoViewController.swift in Sources */,
				FAFA478926C20A4300CD820C /* HomeCoordinator.swift in Sources */,
				B56EFA4626C79B57008A5346 /* ReadMemoViewModel.swift in Sources */,
				FAFA46FC26C0A82900CD820C /* CalendarViewController.swift in Sources */,
				FAB294CB26C60DC7003788CA /* FetchMusclesUseCase.swift in Sources */,
				B541963726C2B2E400B2080A /* DetailCoordinator.swift in Sources */,
				FAFA484526C3A77D00CD820C /* UITextView+Extension.swift in Sources */,
				B56EFA4826C79C3E008A5346 /* WriteMemoViewModel.swift in Sources */,
				FAFA479B26C245E600CD820C /* MemoCell.swift in Sources */,
				FAFA46C326BD246F00CD820C /* ModalNavigationRouter.swift in Sources */,
				FAFA46B626BD243B00CD820C /* Router.swift in Sources */,
				FAFA484F26C3B2FD00CD820C /* SaveDetailContentUseCase.swift in Sources */,
				FAFA46F126C0A80800CD820C /* HomeViewController.swift in Sources */,
				FAFA46C826BD248300CD820C /* Coordinator.swift in Sources */,
				FAFA47C726C24ED800CD820C /* DetailContentRepositoryImpl.swift in Sources */,
				FAB294F226C65EAF003788CA /* DeleteDetailContentUseCase.swift in Sources */,
				FAFA467226BD1F9D00CD820C /* AppDelegate.swift in Sources */,
				FAFA47A926C2488500CD820C /* DetailViewModel.swift in Sources */,
				FA0B49FE26C511CE0018DE69 /* InternalDBError.swift in Sources */,
				FAFA46BE26BD245700CD820C /* NavigationRouter.swift in Sources */,
				FAB294C126C60D42003788CA /* MuscleRepositoryImpl.swift in Sources */,
				FAB294A126C5FFA8003788CA /* TrainingInternalDB.swift in Sources */,
				FAB294C626C60D74003788CA /* MuscleRepository.swift in Sources */,
				FAFA472226C0C79100CD820C /* TabBarRouter.swift in Sources */,
				FAFA47A426C246FE00CD820C /* Content.swift in Sources */,
				B56EFA5026C7A18B008A5346 /* MemoVCCoordinatorDelegate.swift in Sources */,
				FAFA478E26C20B9700CD820C /* CalendarCoordinator.swift in Sources */,
				FAFA47DF26C2665D00CD820C /* PhotoCell.swift in Sources */,
				B56EFA5A26C7D5E6008A5346 /* UpdateDetailContentUseCase.swift in Sources */,
				B56EFA5426C7A532008A5346 /* ReadMemoCoordinator.swift in Sources */,
				FAFA47BA26C24D5500CD820C /* FetchDetailContentsUseCase.swift in Sources */,
				FAB294ED26C65E17003788CA /* RealmObjectError.swift in Sources */,
			);
			runOnlyForDeploymentPostprocessing = 0;
		};
		FAFA468026BD1FA400CD820C /* Sources */ = {
			isa = PBXSourcesBuildPhase;
			buildActionMask = 2147483647;
			files = (
				FAFA468926BD1FA400CD820C /* RoadToHotBodyTests.swift in Sources */,
			);
			runOnlyForDeploymentPostprocessing = 0;
		};
		FAFA468B26BD1FA400CD820C /* Sources */ = {
			isa = PBXSourcesBuildPhase;
			buildActionMask = 2147483647;
			files = (
				FAFA469426BD1FA400CD820C /* RoadToHotBodyUITests.swift in Sources */,
			);
			runOnlyForDeploymentPostprocessing = 0;
		};
/* End PBXSourcesBuildPhase section */

/* Begin PBXTargetDependency section */
		FAFA468626BD1FA400CD820C /* PBXTargetDependency */ = {
			isa = PBXTargetDependency;
			target = FAFA466D26BD1F9D00CD820C /* RoadToHotBody */;
			targetProxy = FAFA468526BD1FA400CD820C /* PBXContainerItemProxy */;
		};
		FAFA469126BD1FA400CD820C /* PBXTargetDependency */ = {
			isa = PBXTargetDependency;
			target = FAFA466D26BD1F9D00CD820C /* RoadToHotBody */;
			targetProxy = FAFA469026BD1FA400CD820C /* PBXContainerItemProxy */;
		};
/* End PBXTargetDependency section */

/* Begin PBXVariantGroup section */
		FAFA467C26BD1FA400CD820C /* LaunchScreen.storyboard */ = {
			isa = PBXVariantGroup;
			children = (
				FAFA467D26BD1FA400CD820C /* Base */,
			);
			name = LaunchScreen.storyboard;
			sourceTree = "<group>";
		};
/* End PBXVariantGroup section */

/* Begin XCBuildConfiguration section */
		FAFA469626BD1FA400CD820C /* Debug */ = {
			isa = XCBuildConfiguration;
			buildSettings = {
				ALWAYS_SEARCH_USER_PATHS = NO;
				CLANG_ANALYZER_NONNULL = YES;
				CLANG_ANALYZER_NUMBER_OBJECT_CONVERSION = YES_AGGRESSIVE;
				CLANG_CXX_LANGUAGE_STANDARD = "gnu++14";
				CLANG_CXX_LIBRARY = "libc++";
				CLANG_ENABLE_MODULES = YES;
				CLANG_ENABLE_OBJC_ARC = YES;
				CLANG_ENABLE_OBJC_WEAK = YES;
				CLANG_WARN_BLOCK_CAPTURE_AUTORELEASING = YES;
				CLANG_WARN_BOOL_CONVERSION = YES;
				CLANG_WARN_COMMA = YES;
				CLANG_WARN_CONSTANT_CONVERSION = YES;
				CLANG_WARN_DEPRECATED_OBJC_IMPLEMENTATIONS = YES;
				CLANG_WARN_DIRECT_OBJC_ISA_USAGE = YES_ERROR;
				CLANG_WARN_DOCUMENTATION_COMMENTS = YES;
				CLANG_WARN_EMPTY_BODY = YES;
				CLANG_WARN_ENUM_CONVERSION = YES;
				CLANG_WARN_INFINITE_RECURSION = YES;
				CLANG_WARN_INT_CONVERSION = YES;
				CLANG_WARN_NON_LITERAL_NULL_CONVERSION = YES;
				CLANG_WARN_OBJC_IMPLICIT_RETAIN_SELF = YES;
				CLANG_WARN_OBJC_LITERAL_CONVERSION = YES;
				CLANG_WARN_OBJC_ROOT_CLASS = YES_ERROR;
				CLANG_WARN_QUOTED_INCLUDE_IN_FRAMEWORK_HEADER = YES;
				CLANG_WARN_RANGE_LOOP_ANALYSIS = YES;
				CLANG_WARN_STRICT_PROTOTYPES = YES;
				CLANG_WARN_SUSPICIOUS_MOVE = YES;
				CLANG_WARN_UNGUARDED_AVAILABILITY = YES_AGGRESSIVE;
				CLANG_WARN_UNREACHABLE_CODE = YES;
				CLANG_WARN__DUPLICATE_METHOD_MATCH = YES;
				COPY_PHASE_STRIP = NO;
				DEBUG_INFORMATION_FORMAT = dwarf;
				ENABLE_STRICT_OBJC_MSGSEND = YES;
				ENABLE_TESTABILITY = YES;
				GCC_C_LANGUAGE_STANDARD = gnu11;
				GCC_DYNAMIC_NO_PIC = NO;
				GCC_NO_COMMON_BLOCKS = YES;
				GCC_OPTIMIZATION_LEVEL = 0;
				GCC_PREPROCESSOR_DEFINITIONS = (
					"DEBUG=1",
					"$(inherited)",
				);
				GCC_WARN_64_TO_32_BIT_CONVERSION = YES;
				GCC_WARN_ABOUT_RETURN_TYPE = YES_ERROR;
				GCC_WARN_UNDECLARED_SELECTOR = YES;
				GCC_WARN_UNINITIALIZED_AUTOS = YES_AGGRESSIVE;
				GCC_WARN_UNUSED_FUNCTION = YES;
				GCC_WARN_UNUSED_VARIABLE = YES;
				IPHONEOS_DEPLOYMENT_TARGET = 14.4;
				MTL_ENABLE_DEBUG_INFO = INCLUDE_SOURCE;
				MTL_FAST_MATH = YES;
				ONLY_ACTIVE_ARCH = YES;
				SDKROOT = iphoneos;
				SWIFT_ACTIVE_COMPILATION_CONDITIONS = DEBUG;
				SWIFT_OPTIMIZATION_LEVEL = "-Onone";
			};
			name = Debug;
		};
		FAFA469726BD1FA400CD820C /* Release */ = {
			isa = XCBuildConfiguration;
			buildSettings = {
				ALWAYS_SEARCH_USER_PATHS = NO;
				CLANG_ANALYZER_NONNULL = YES;
				CLANG_ANALYZER_NUMBER_OBJECT_CONVERSION = YES_AGGRESSIVE;
				CLANG_CXX_LANGUAGE_STANDARD = "gnu++14";
				CLANG_CXX_LIBRARY = "libc++";
				CLANG_ENABLE_MODULES = YES;
				CLANG_ENABLE_OBJC_ARC = YES;
				CLANG_ENABLE_OBJC_WEAK = YES;
				CLANG_WARN_BLOCK_CAPTURE_AUTORELEASING = YES;
				CLANG_WARN_BOOL_CONVERSION = YES;
				CLANG_WARN_COMMA = YES;
				CLANG_WARN_CONSTANT_CONVERSION = YES;
				CLANG_WARN_DEPRECATED_OBJC_IMPLEMENTATIONS = YES;
				CLANG_WARN_DIRECT_OBJC_ISA_USAGE = YES_ERROR;
				CLANG_WARN_DOCUMENTATION_COMMENTS = YES;
				CLANG_WARN_EMPTY_BODY = YES;
				CLANG_WARN_ENUM_CONVERSION = YES;
				CLANG_WARN_INFINITE_RECURSION = YES;
				CLANG_WARN_INT_CONVERSION = YES;
				CLANG_WARN_NON_LITERAL_NULL_CONVERSION = YES;
				CLANG_WARN_OBJC_IMPLICIT_RETAIN_SELF = YES;
				CLANG_WARN_OBJC_LITERAL_CONVERSION = YES;
				CLANG_WARN_OBJC_ROOT_CLASS = YES_ERROR;
				CLANG_WARN_QUOTED_INCLUDE_IN_FRAMEWORK_HEADER = YES;
				CLANG_WARN_RANGE_LOOP_ANALYSIS = YES;
				CLANG_WARN_STRICT_PROTOTYPES = YES;
				CLANG_WARN_SUSPICIOUS_MOVE = YES;
				CLANG_WARN_UNGUARDED_AVAILABILITY = YES_AGGRESSIVE;
				CLANG_WARN_UNREACHABLE_CODE = YES;
				CLANG_WARN__DUPLICATE_METHOD_MATCH = YES;
				COPY_PHASE_STRIP = NO;
				DEBUG_INFORMATION_FORMAT = "dwarf-with-dsym";
				ENABLE_NS_ASSERTIONS = NO;
				ENABLE_STRICT_OBJC_MSGSEND = YES;
				GCC_C_LANGUAGE_STANDARD = gnu11;
				GCC_NO_COMMON_BLOCKS = YES;
				GCC_WARN_64_TO_32_BIT_CONVERSION = YES;
				GCC_WARN_ABOUT_RETURN_TYPE = YES_ERROR;
				GCC_WARN_UNDECLARED_SELECTOR = YES;
				GCC_WARN_UNINITIALIZED_AUTOS = YES_AGGRESSIVE;
				GCC_WARN_UNUSED_FUNCTION = YES;
				GCC_WARN_UNUSED_VARIABLE = YES;
				IPHONEOS_DEPLOYMENT_TARGET = 14.4;
				MTL_ENABLE_DEBUG_INFO = NO;
				MTL_FAST_MATH = YES;
				SDKROOT = iphoneos;
				SWIFT_COMPILATION_MODE = wholemodule;
				SWIFT_OPTIMIZATION_LEVEL = "-O";
				VALIDATE_PRODUCT = YES;
			};
			name = Release;
		};
		FAFA469926BD1FA400CD820C /* Debug */ = {
			isa = XCBuildConfiguration;
			baseConfigurationReference = 90CE53B0D93AD0E247216CCF /* Pods-RoadToHotBody.debug.xcconfig */;
			buildSettings = {
				ASSETCATALOG_COMPILER_APPICON_NAME = AppIcon;
				ASSETCATALOG_COMPILER_GLOBAL_ACCENT_COLOR_NAME = AccentColor;
				CODE_SIGN_STYLE = Automatic;
				DEVELOPMENT_TEAM = 3AM7R7TW97;
				INFOPLIST_FILE = RoadToHotBody/Info.plist;
				LD_RUNPATH_SEARCH_PATHS = (
					"$(inherited)",
					"@executable_path/Frameworks",
				);
				PRODUCT_BUNDLE_IDENTIFIER = com.ssionii.RoadToHotBody;
				PRODUCT_NAME = "$(TARGET_NAME)";
				SWIFT_VERSION = 5.0;
				TARGETED_DEVICE_FAMILY = "1,2";
			};
			name = Debug;
		};
		FAFA469A26BD1FA400CD820C /* Release */ = {
			isa = XCBuildConfiguration;
			baseConfigurationReference = 2996F86EE8856A4B6FC12202 /* Pods-RoadToHotBody.release.xcconfig */;
			buildSettings = {
				ASSETCATALOG_COMPILER_APPICON_NAME = AppIcon;
				ASSETCATALOG_COMPILER_GLOBAL_ACCENT_COLOR_NAME = AccentColor;
				CODE_SIGN_STYLE = Automatic;
				DEVELOPMENT_TEAM = 3AM7R7TW97;
				INFOPLIST_FILE = RoadToHotBody/Info.plist;
				LD_RUNPATH_SEARCH_PATHS = (
					"$(inherited)",
					"@executable_path/Frameworks",
				);
				PRODUCT_BUNDLE_IDENTIFIER = com.ssionii.RoadToHotBody;
				PRODUCT_NAME = "$(TARGET_NAME)";
				SWIFT_VERSION = 5.0;
				TARGETED_DEVICE_FAMILY = "1,2";
			};
			name = Release;
		};
		FAFA469C26BD1FA400CD820C /* Debug */ = {
			isa = XCBuildConfiguration;
			baseConfigurationReference = 42DC9D556F82B00D81F2F3C1 /* Pods-RoadToHotBodyTests.debug.xcconfig */;
			buildSettings = {
				ALWAYS_EMBED_SWIFT_STANDARD_LIBRARIES = YES;
				BUNDLE_LOADER = "$(TEST_HOST)";
				CODE_SIGN_STYLE = Automatic;
				DEVELOPMENT_TEAM = 3AM7R7TW97;
				INFOPLIST_FILE = RoadToHotBodyTests/Info.plist;
				IPHONEOS_DEPLOYMENT_TARGET = 14.4;
				LD_RUNPATH_SEARCH_PATHS = (
					"$(inherited)",
					"@executable_path/Frameworks",
					"@loader_path/Frameworks",
				);
				PRODUCT_BUNDLE_IDENTIFIER = com.ssionii.RoadToHotBodyTests;
				PRODUCT_NAME = "$(TARGET_NAME)";
				SWIFT_VERSION = 5.0;
				TARGETED_DEVICE_FAMILY = "1,2";
				TEST_HOST = "$(BUILT_PRODUCTS_DIR)/RoadToHotBody.app/RoadToHotBody";
			};
			name = Debug;
		};
		FAFA469D26BD1FA400CD820C /* Release */ = {
			isa = XCBuildConfiguration;
			baseConfigurationReference = ED5047F09EC0E1FEEA2F521D /* Pods-RoadToHotBodyTests.release.xcconfig */;
			buildSettings = {
				ALWAYS_EMBED_SWIFT_STANDARD_LIBRARIES = YES;
				BUNDLE_LOADER = "$(TEST_HOST)";
				CODE_SIGN_STYLE = Automatic;
				DEVELOPMENT_TEAM = 3AM7R7TW97;
				INFOPLIST_FILE = RoadToHotBodyTests/Info.plist;
				IPHONEOS_DEPLOYMENT_TARGET = 14.4;
				LD_RUNPATH_SEARCH_PATHS = (
					"$(inherited)",
					"@executable_path/Frameworks",
					"@loader_path/Frameworks",
				);
				PRODUCT_BUNDLE_IDENTIFIER = com.ssionii.RoadToHotBodyTests;
				PRODUCT_NAME = "$(TARGET_NAME)";
				SWIFT_VERSION = 5.0;
				TARGETED_DEVICE_FAMILY = "1,2";
				TEST_HOST = "$(BUILT_PRODUCTS_DIR)/RoadToHotBody.app/RoadToHotBody";
			};
			name = Release;
		};
		FAFA469F26BD1FA400CD820C /* Debug */ = {
			isa = XCBuildConfiguration;
			baseConfigurationReference = B3BDFFEC9A18FC24E387C1BE /* Pods-RoadToHotBody-RoadToHotBodyUITests.debug.xcconfig */;
			buildSettings = {
				ALWAYS_EMBED_SWIFT_STANDARD_LIBRARIES = YES;
				CODE_SIGN_STYLE = Automatic;
				DEVELOPMENT_TEAM = 3AM7R7TW97;
				INFOPLIST_FILE = RoadToHotBodyUITests/Info.plist;
				LD_RUNPATH_SEARCH_PATHS = (
					"$(inherited)",
					"@executable_path/Frameworks",
					"@loader_path/Frameworks",
				);
				PRODUCT_BUNDLE_IDENTIFIER = com.ssionii.RoadToHotBodyUITests;
				PRODUCT_NAME = "$(TARGET_NAME)";
				SWIFT_VERSION = 5.0;
				TARGETED_DEVICE_FAMILY = "1,2";
				TEST_TARGET_NAME = RoadToHotBody;
			};
			name = Debug;
		};
		FAFA46A026BD1FA400CD820C /* Release */ = {
			isa = XCBuildConfiguration;
			baseConfigurationReference = 7C102BA349609BF759994D0A /* Pods-RoadToHotBody-RoadToHotBodyUITests.release.xcconfig */;
			buildSettings = {
				ALWAYS_EMBED_SWIFT_STANDARD_LIBRARIES = YES;
				CODE_SIGN_STYLE = Automatic;
				DEVELOPMENT_TEAM = 3AM7R7TW97;
				INFOPLIST_FILE = RoadToHotBodyUITests/Info.plist;
				LD_RUNPATH_SEARCH_PATHS = (
					"$(inherited)",
					"@executable_path/Frameworks",
					"@loader_path/Frameworks",
				);
				PRODUCT_BUNDLE_IDENTIFIER = com.ssionii.RoadToHotBodyUITests;
				PRODUCT_NAME = "$(TARGET_NAME)";
				SWIFT_VERSION = 5.0;
				TARGETED_DEVICE_FAMILY = "1,2";
				TEST_TARGET_NAME = RoadToHotBody;
			};
			name = Release;
		};
/* End XCBuildConfiguration section */

/* Begin XCConfigurationList section */
		FAFA466926BD1F9D00CD820C /* Build configuration list for PBXProject "RoadToHotBody" */ = {
			isa = XCConfigurationList;
			buildConfigurations = (
				FAFA469626BD1FA400CD820C /* Debug */,
				FAFA469726BD1FA400CD820C /* Release */,
			);
			defaultConfigurationIsVisible = 0;
			defaultConfigurationName = Release;
		};
		FAFA469826BD1FA400CD820C /* Build configuration list for PBXNativeTarget "RoadToHotBody" */ = {
			isa = XCConfigurationList;
			buildConfigurations = (
				FAFA469926BD1FA400CD820C /* Debug */,
				FAFA469A26BD1FA400CD820C /* Release */,
			);
			defaultConfigurationIsVisible = 0;
			defaultConfigurationName = Release;
		};
		FAFA469B26BD1FA400CD820C /* Build configuration list for PBXNativeTarget "RoadToHotBodyTests" */ = {
			isa = XCConfigurationList;
			buildConfigurations = (
				FAFA469C26BD1FA400CD820C /* Debug */,
				FAFA469D26BD1FA400CD820C /* Release */,
			);
			defaultConfigurationIsVisible = 0;
			defaultConfigurationName = Release;
		};
		FAFA469E26BD1FA400CD820C /* Build configuration list for PBXNativeTarget "RoadToHotBodyUITests" */ = {
			isa = XCConfigurationList;
			buildConfigurations = (
				FAFA469F26BD1FA400CD820C /* Debug */,
				FAFA46A026BD1FA400CD820C /* Release */,
			);
			defaultConfigurationIsVisible = 0;
			defaultConfigurationName = Release;
		};
/* End XCConfigurationList section */
	};
	rootObject = FAFA466626BD1F9D00CD820C /* Project object */;
}
